PODS:
  - Alamofire (3.1.3)
  - Charts (2.1.6)
  - CRToast (0.0.9)
  - MBProgressHUD (0.9.1)
  - Realm (0.96.3):
    - Realm/Headers (= 0.96.3)
  - Realm/Headers (0.96.3)
  - RealmSwift (0.96.3):
    - Realm (= 0.96.3)
  - RxBlocking (2.0.0-beta.4):
    - RxSwift (~> 2.0.0-beta)
  - RxCocoa (2.0.0-beta.4):
    - RxSwift (~> 2.0.0-beta)
  - RxSwift (2.0.0-beta.4)
  - SQLite.swift (1.0.0)
  - SwiftyJSON (2.3.1)
  - UMengAnalytics-NO-IDFA (3.6.5)
  - YNSwift (0.1):
    - MBProgressHUD (~> 0.9.1)
    - RxBlocking (~> 2.0.0-beta)
    - RxCocoa (~> 2.0.0-beta)
    - RxSwift (~> 2.0.0-beta)

DEPENDENCIES:
  - Alamofire (~> 3.0)
  - Charts
  - CRToast (~> 0.0.7)
  - RealmSwift
  - RxBlocking (~> 2.0.0-beta)
  - RxCocoa (~> 2.0.0-beta)
  - RxSwift (~> 2.0.0-beta)
  - SQLite.swift (from `https://github.com/stephencelis/SQLite.swift.git`)
  - SwiftyJSON (~> 2.3.1)
  - UMengAnalytics-NO-IDFA (= 3.6.5)
  - YNSwift (from `/Users/yoncise/Workspace/YNSwift`)

EXTERNAL SOURCES:
  SQLite.swift:
    :git: https://github.com/stephencelis/SQLite.swift.git
  YNSwift:
    :path: /Users/yoncise/Workspace/YNSwift

CHECKOUT OPTIONS:
  SQLite.swift:
    :commit: da2d43422a72ae0e91356fccfde1959d43b97385
    :git: https://github.com/stephencelis/SQLite.swift.git

SPEC CHECKSUMS:
  Alamofire: 9f93b56389e48def9220dd57d1f44b1927229a5a
  Charts: 5e1e5ac23898e5b09d226a2fc3e9d86bc281937e
  CRToast: 5a78c22b921c5ed3487488af605bc403a9c92fed
  MBProgressHUD: c47f2c166c126cf2ce36498d80f33e754d4e93ad
  Realm: 145d3cdf78a03aee71bde5381ad7e542bd541720
  RealmSwift: aab84968aad662f61f36473d1aea019f63481505
  RxBlocking: 234b0c161315ff3ade25c11e48d74e9ca83158b5
  RxCocoa: 4a3e433e6dfe116362ff54423c841cc0f209e009
  RxSwift: 191c6b06da783a8671433cf35a54d2ad2fd2d9de
  SQLite.swift: 3bb75f5a650f08673276bc6d3fb1de1b542b8f4d
  SwiftyJSON: 592b53bee5ef3dd9b3bebc6b9cb7ee35426ae8c3
  UMengAnalytics-NO-IDFA: 279e28990a08efb56cff1821d2954bb00aa6975a
  YNSwift: 7d500efade5882ffbd4d9f7ec37dc942bc7113b1

COCOAPODS: 0.39.0
