PODS:
  - Alamofire (3.1.4)
  - Charts (2.1.6)
  - CRToast (0.0.9)
  - MBProgressHUD (0.9.2)
  - Realm (0.97.0):
    - Realm/Headers (= 0.97.0)
  - Realm/Headers (0.97.0)
  - RealmSwift (0.97.0):
    - Realm (= 0.97.0)
  - RxBlocking (2.0.0):
    - RxSwift (~> 2.0)
  - RxCocoa (2.0.0):
    - RxSwift (~> 2.0)
  - RxSwift (2.0.0)
  - SwiftyJSON (2.3.2)
  - UMengAnalytics-NO-IDFA (3.6.7)
  - YNSwift (0.1):
    - MBProgressHUD (~> 0.9.1)
    - RxBlocking (~> 2.0.0)
    - RxCocoa (~> 2.0.0)
    - RxSwift (~> 2.0.0)

DEPENDENCIES:
  - Alamofire (~> 3.0)
  - Charts
  - CRToast (~> 0.0.7)
  - RealmSwift
  - RxBlocking (~> 2.0)
  - RxCocoa (~> 2.0)
  - RxSwift (~> 2.0)
  - SwiftyJSON (from `https://github.com/SwiftyJSON/SwiftyJSON.git`)
  - UMengAnalytics-NO-IDFA (= 3.6.7)
  - YNSwift (from `/Users/yoncise/Workspace/YNSwift`)

EXTERNAL SOURCES:
  SwiftyJSON:
    :git: https://github.com/SwiftyJSON/SwiftyJSON.git
  YNSwift:
    :path: /Users/yoncise/Workspace/YNSwift

CHECKOUT OPTIONS:
  SwiftyJSON:
    :commit: 5f59648a6e9356b26c5cb698ab924fa7d750b6c9
    :git: https://github.com/SwiftyJSON/SwiftyJSON.git

SPEC CHECKSUMS:
  Alamofire: fbc829692f351fa1d8a31dd75fd7f7f56fea31fb
  Charts: 5e1e5ac23898e5b09d226a2fc3e9d86bc281937e
  CRToast: 5a78c22b921c5ed3487488af605bc403a9c92fed
  MBProgressHUD: 1569cf7ace17a8bac47aabfbb8580a49690386d1
  Realm: b498a6fb9d288b171ff98d0e2d4384c295be8990
  RealmSwift: d014810dec75c9a3f1a33926d2dabfed855c582c
  RxBlocking: a95a10ed54eb5d116f6c9a87047ff671e181d07b
  RxCocoa: b0ebd70b4f7450bdb3c8987b122f8fd568dc1e2f
  RxSwift: d83246efa6f16c50c143bec134649d045498f601
  SwiftyJSON: 04ccea08915aa0109039157c7974cf0298da292a
  UMengAnalytics-NO-IDFA: 6d02561a00579b2e37718f204eb81347df5d7b8b
  YNSwift: 310b63fb8b212d75faa0195a061e04b360c85abb

COCOAPODS: 0.39.0
